
Microsoft Visual Studio Solution File, Format Version 12.00
# Visual Studio Version 16
VisualStudioVersion = 16.0.31729.503
MinimumVisualStudioVersion = 10.0.40219.1
Project("{FAE04EC0-301F-11D3-BF4B-00C04F79EFBC}") = "GeocodingTools", "GeocodingTools\GeocodingTools.csproj", "{C3C3C7B2-58C9-4FAA-B12C-B36F8B7F05B4}"
EndProject
Project("{54435603-DBB4-11D2-8724-00A0C9A8B90C}") = "批量地理编码小工具", "批量地理编码小工具\批量地理编码小工具.vdproj", "{F6E5B935-49ED-4E7A-84A5-CB83E3F43158}"
EndProject
Global
	GlobalSection(SolutionConfigurationPlatforms) = preSolution
		Debug|Any CPU = Debug|Any CPU
		Release|Any CPU = Release|Any CPU
	EndGlobalSection
	GlobalSection(ProjectConfigurationPlatforms) = postSolution
		{C3C3C7B2-58C9-4FAA-B12C-B36F8B7F05B4}.Debug|Any CPU.ActiveCfg = Debug|Any CPU
		{C3C3C7B2-58C9-4FAA-B12C-B36F8B7F05B4}.Debug|Any CPU.Build.0 = Debug|Any CPU
		{C3C3C7B2-58C9-4FAA-B12C-B36F8B7F05B4}.Release|Any CPU.ActiveCfg = Release|Any CPU
		{C3C3C7B2-58C9-4FAA-B12C-B36F8B7F05B4}.Release|Any CPU.Build.0 = Release|Any CPU
		{F6E5B935-49ED-4E7A-84A5-CB83E3F43158}.Debug|Any CPU.ActiveCfg = Debug
		{F6E5B935-49ED-4E7A-84A5-CB83E3F43158}.Release|Any CPU.ActiveCfg = Release
	EndGlobalSection
	GlobalSection(SolutionProperties) = preSolution
		HideSolutionNode = FALSE
	EndGlobalSection
	GlobalSection(ExtensibilityGlobals) = postSolution
		SolutionGuid = {78F98A04-3CD0-4B6A-83B2-A3CB8F83AC57}
	EndGlobalSection
EndGlobal
